
Microsoft Visual Studio Solution File, Format Version 12.00
# Visual Studio Version 17
VisualStudioVersion = 17.4.33213.308
MinimumVisualStudioVersion = 10.0.40219.1
Project("{9A19103F-16F7-4668-BE54-9A1E7A4F7556}") = "AsyncRPCCore", "AsyncRPCCore\AsyncRPCCore.csproj", "{D4595BA9-B316-40D8-8A2B-664C5B3F529D}"
EndProject
Project("{9A19103F-16F7-4668-BE54-9A1E7A4F7556}") = "AsyncJsonRPC", "AsyncJsonRPC\AsyncJsonRPC.csproj", "{83206FE2-D61F-48EE-9F9F-0BBD2C8A4EAF}"
EndProject
Project("{FAE04EC0-301F-11D3-BF4B-00C04F79EFBC}") = "AsyncJsonRPCExample", "AsyncJsonRPCExample\AsyncJsonRPCExample.csproj", "{238207C0-B33D-4A6B-9C5A-670ABEFEC98B}"
EndProject
Global
	GlobalSection(SolutionConfigurationPlatforms) = preSolution
		Debug|Any CPU = Debug|Any CPU
		Release|Any CPU = Release|Any CPU
	EndGlobalSection
	GlobalSection(ProjectConfigurationPlatforms) = postSolution
		{D4595BA9-B316-40D8-8A2B-664C5B3F529D}.Debug|Any CPU.ActiveCfg = Debug|Any CPU
		{D4595BA9-B316-40D8-8A2B-664C5B3F529D}.Debug|Any CPU.Build.0 = Debug|Any CPU
		{D4595BA9-B316-40D8-8A2B-664C5B3F529D}.Release|Any CPU.ActiveCfg = Release|Any CPU
		{D4595BA9-B316-40D8-8A2B-664C5B3F529D}.Release|Any CPU.Build.0 = Release|Any CPU
		{83206FE2-D61F-48EE-9F9F-0BBD2C8A4EAF}.Debug|Any CPU.ActiveCfg = Debug|Any CPU
		{83206FE2-D61F-48EE-9F9F-0BBD2C8A4EAF}.Debug|Any CPU.Build.0 = Debug|Any CPU
		{83206FE2-D61F-48EE-9F9F-0BBD2C8A4EAF}.Release|Any CPU.ActiveCfg = Release|Any CPU
		{83206FE2-D61F-48EE-9F9F-0BBD2C8A4EAF}.Release|Any CPU.Build.0 = Release|Any CPU
		{238207C0-B33D-4A6B-9C5A-670ABEFEC98B}.Debug|Any CPU.ActiveCfg = Debug|Any CPU
		{238207C0-B33D-4A6B-9C5A-670ABEFEC98B}.Debug|Any CPU.Build.0 = Debug|Any CPU
		{238207C0-B33D-4A6B-9C5A-670ABEFEC98B}.Release|Any CPU.ActiveCfg = Release|Any CPU
		{238207C0-B33D-4A6B-9C5A-670ABEFEC98B}.Release|Any CPU.Build.0 = Release|Any CPU
	EndGlobalSection
	GlobalSection(SolutionProperties) = preSolution
		HideSolutionNode = FALSE
	EndGlobalSection
	GlobalSection(ExtensibilityGlobals) = postSolution
		SolutionGuid = {ED9496ED-D2C1-4F72-8A1D-297BE782BF23}
	EndGlobalSection
EndGlobal
